
Microsoft Visual Studio Solution File, Format Version 12.00
# Visual Studio Version 18
VisualStudioVersion = 18.1.11312.151
MinimumVisualStudioVersion = 10.0.40219.1
Project("{FAE04EC0-301F-11D3-BF4B-00C04F79EFBC}") = "AF-WebChat", "02-AFWebChat\AF-WebChat.csproj", "{D3D7BDF4-FE78-4D29-B751-6A2FA5BFD10B}"
EndProject
Global
	GlobalSection(SolutionConfigurationPlatforms) = preSolution
		Debug|Any CPU = Debug|Any CPU
		Release|Any CPU = Release|Any CPU
	EndGlobalSection
	GlobalSection(ProjectConfigurationPlatforms) = postSolution
		{D3D7BDF4-FE78-4D29-B751-6A2FA5BFD10B}.Debug|Any CPU.ActiveCfg = Debug|Any CPU
		{D3D7BDF4-FE78-4D29-B751-6A2FA5BFD10B}.Debug|Any CPU.Build.0 = Debug|Any CPU
		{D3D7BDF4-FE78-4D29-B751-6A2FA5BFD10B}.Release|Any CPU.ActiveCfg = Release|Any CPU
		{D3D7BDF4-FE78-4D29-B751-6A2FA5BFD10B}.Release|Any CPU.Build.0 = Release|Any CPU
	EndGlobalSection
	GlobalSection(SolutionProperties) = preSolution
		HideSolutionNode = FALSE
	EndGlobalSection
EndGlobal
